{
  "name": "hp-share",
  "version": "0.0.1",
  "lockfileVersion": 2,
  "requires": true,
  "packages": {
    "": {
      "name": "hp-share",
      "version": "0.0.1",
      "dependencies": {
        "@ngrx/store-devtools": "^14.3.3",
        "tslib": "^2.3.0"
      },
      "peerDependencies": {
        "@angular/common": "^14.2.0",
        "@angular/core": "^14.2.0",
        "@angular/router": "^14.2.0",
        "@ngrx/router-store": "^14.0.2",
        "@ngrx/store": "^14.3.3"
      }
    },
    "node_modules/@ngrx/store-devtools": {
      "version": "14.3.3",
      "resolved": "https://registry.npmjs.org/@ngrx/store-devtools/-/store-devtools-14.3.3.tgz",
      "integrity": "sha512-YQFFKYRnmREHCUb0aAaAgSXWKjZqV+5pmzsjW6HZ0GTKoy9R3JI7Miw0gplwkJpLO7Z3AFCuLQIpTs5ryAOwPQ==",
      "dependencies": {
        "tslib": "^2.0.0"
      },
      "peerDependencies": {
        "@ngrx/store": "14.3.3",
        "rxjs": "^6.5.3 || ^7.5.0"
      }
    },
    "node_modules/tslib": {
      "version": "2.6.2",
      "resolved": "https://registry.npmjs.org/tslib/-/tslib-2.6.2.tgz",
      "integrity": "sha512-AEYxH93jGFPn/a2iVAwW87VuUIkR1FVUKB77NwMF7nBTDkDrrT/Hpt/IrCJ0QXhW27jTBDcf5ZY7w6RiqTMw2Q=="
    }
  },
  "dependencies": {
    "@ngrx/store-devtools": {
      "version": "14.3.3",
      "resolved": "https://registry.npmjs.org/@ngrx/store-devtools/-/store-devtools-14.3.3.tgz",
      "integrity": "sha512-YQFFKYRnmREHCUb0aAaAgSXWKjZqV+5pmzsjW6HZ0GTKoy9R3JI7Miw0gplwkJpLO7Z3AFCuLQIpTs5ryAOwPQ==",
      "requires": {
        "tslib": "^2.0.0"
      }
    },
    "tslib": {
      "version": "2.6.2",
      "resolved": "https://registry.npmjs.org/tslib/-/tslib-2.6.2.tgz",
      "integrity": "sha512-AEYxH93jGFPn/a2iVAwW87VuUIkR1FVUKB77NwMF7nBTDkDrrT/Hpt/IrCJ0QXhW27jTBDcf5ZY7w6RiqTMw2Q=="
    }
  }
}
